// !$*UTF8*$!
{
	archiveVersion = 1;
	classes = {
	};
	objectVersion = 46;
	objects = {

/* Begin PBXBuildFile section */
		B89676061B9D5F9F00B271CD /* AppDelegate.swift in Sources */ = {isa = PBXBuildFile; fileRef = B89676051B9D5F9F00B271CD /* AppDelegate.swift */; };
		B89676081B9D5F9F00B271CD /* ViewController.swift in Sources */ = {isa = PBXBuildFile; fileRef = B89676071B9D5F9F00B271CD /* ViewController.swift */; };
		B896760B1B9D5F9F00B271CD /* Main.storyboard in Resources */ = {isa = PBXBuildFile; fileRef = B89676091B9D5F9F00B271CD /* Main.storyboard */; };
		B896760D1B9D5F9F00B271CD /* Assets.xcassets in Resources */ = {isa = PBXBuildFile; fileRef = B896760C1B9D5F9F00B271CD /* Assets.xcassets */; };
		B89676101B9D5F9F00B271CD /* LaunchScreen.storyboard in Resources */ = {isa = PBXBuildFile; fileRef = B896760E1B9D5F9F00B271CD /* LaunchScreen.storyboard */; };
		B89676181B9D606E00B271CD /* cat.jpg in Resources */ = {isa = PBXBuildFile; fileRef = B89676171B9D606E00B271CD /* cat.jpg */; settings = {ASSET_TAGS = (); }; };
/* End PBXBuildFile section */

/* Begin PBXFileReference section */
		B89676021B9D5F9F00B271CD /* Cat Age.app */ = {isa = PBXFileReference; explicitFileType = wrapper.application; includeInIndex = 0; path = "Cat Age.app"; sourceTree = BUILT_PRODUCTS_DIR; };
		B89676051B9D5F9F00B271CD /* AppDelegate.swift */ = {isa = PBXFileReference; lastKnownFileType = sourcecode.swift; path = AppDelegate.swift; sourceTree = "<group>"; };
		B89676071B9D5F9F00B271CD /* ViewController.swift */ = {isa = PBXFileReference; lastKnownFileType = sourcecode.swift; path = ViewController.swift; sourceTree = "<group>"; };
		B896760A1B9D5F9F00B271CD /* Base */ = {isa = PBXFileReference; lastKnownFileType = file.storyboard; name = Base; path = Base.lproj/Main.storyboard; sourceTree = "<group>"; };
		B896760C1B9D5F9F00B271CD /* Assets.xcassets */ = {isa = PBXFileReference; lastKnownFileType = folder.assetcatalog; path = Assets.xcassets; sourceTree = "<group>"; };
		B896760F1B9D5F9F00B271CD /* Base */ = {isa = PBXFileReference; lastKnownFileType = file.storyboard; name = Base; path = Base.lproj/LaunchScreen.storyboard; sourceTree = "<group>"; };
		B89676111B9D5F9F00B271CD /* Info.plist */ = {isa = PBXFileReference; lastKnownFileType = text.plist.xml; path = Info.plist; sourceTree = "<group>"; };
		B89676171B9D606E00B271CD /* cat.jpg */ = {isa = PBXFileReference; lastKnownFileType = image.jpeg; path = cat.jpg; sourceTree = "<group>"; };
/* End PBXFileReference section */

/* Begin PBXFrameworksBuildPhase section */
		B89675FF1B9D5F9F00B271CD /* Frameworks */ = {
			isa = PBXFrameworksBuildPhase;
			buildActionMask = 2147483647;
			files = (
			);
			runOnlyForDeploymentPostprocessing = 0;
		};
/* End PBXFrameworksBuildPhase section */

/* Begin PBXGroup section */
		B89675F91B9D5F9F00B271CD = {
			isa = PBXGroup;
			children = (
				B89676041B9D5F9F00B271CD /* Cat Age */,
				B89676031B9D5F9F00B271CD /* Products */,
			);
			sourceTree = "<group>";
		};
		B89676031B9D5F9F00B271CD /* Products */ = {
			isa = PBXGroup;
			children = (
				B89676021B9D5F9F00B271CD /* Cat Age.app */,
			);
			name = Products;
			sourceTree = "<group>";
		};
		B89676041B9D5F9F00B271CD /* Cat Age */ = {
			isa = PBXGroup;
			children = (
				B89676051B9D5F9F00B271CD /* AppDelegate.swift */,
				B89676071B9D5F9F00B271CD /* ViewController.swift */,
				B89676091B9D5F9F00B271CD /* Main.storyboard */,
				B896760C1B9D5F9F00B271CD /* Assets.xcassets */,
				B89676171B9D606E00B271CD /* cat.jpg */,
				B896760E1B9D5F9F00B271CD /* LaunchScreen.storyboard */,
				B89676111B9D5F9F00B271CD /* Info.plist */,
			);
			path = "Cat Age";
			sourceTree = "<group>";
		};
/* End PBXGroup section */

/* Begin PBXNativeTarget section */
		B89676011B9D5F9F00B271CD /* Cat Age */ = {
			isa = PBXNativeTarget;
			buildConfigurationList = B89676141B9D5F9F00B271CD /* Build configuration list for PBXNativeTarget "Cat Age" */;
			buildPhases = (
				B89675FE1B9D5F9F00B271CD /* Sources */,
				B89675FF1B9D5F9F00B271CD /* Frameworks */,
				B89676001B9D5F9F00B271CD /* Resources */,
			);
			buildRules = (
			);
			dependencies = (
			);
			name = "Cat Age";
			productName = "Cat Age";
			productReference = B89676021B9D5F9F00B271CD /* Cat Age.app */;
			productType = "com.apple.product-type.application";
		};
/* End PBXNativeTarget section */

/* Begin PBXProject section */
		B89675FA1B9D5F9F00B271CD /* Project object */ = {
			isa = PBXProject;
			attributes = {
				LastUpgradeCheck = 0700;
				ORGANIZATIONNAME = krilya;
				TargetAttributes = {
					B89676011B9D5F9F00B271CD = {
						CreatedOnToolsVersion = 7.0;
					};
				};
			};
			buildConfigurationList = B89675FD1B9D5F9F00B271CD /* Build configuration list for PBXProject "Cat Age" */;
			compatibilityVersion = "Xcode 3.2";
			developmentRegion = English;
			hasScannedForEncodings = 0;
			knownRegions = (
				en,
				Base,
			);
			mainGroup = B89675F91B9D5F9F00B271CD;
			productRefGroup = B89676031B9D5F9F00B271CD /* Products */;
			projectDirPath = "";
			projectRoot = "";
			targets = (
				B89676011B9D5F9F00B271CD /* Cat Age */,
			);
		};
/* End PBXProject section */

/* Begin PBXResourcesBuildPhase section */
		B89676001B9D5F9F00B271CD /* Resources */ = {
			isa = PBXResourcesBuildPhase;
			buildActionMask = 2147483647;
			files = (
				B89676101B9D5F9F00B271CD /* LaunchScreen.storyboard in Resources */,
				B896760D1B9D5F9F00B271CD /* Assets.xcassets in Resources */,
				B89676181B9D606E00B271CD /* cat.jpg in Resources */,
				B896760B1B9D5F9F00B271CD /* Main.storyboard in Resources */,
			);
			runOnlyForDeploymentPostprocessing = 0;
		};
/* End PBXResourcesBuildPhase section */

/* Begin PBXSourcesBuildPhase section */
		B89675FE1B9D5F9F00B271CD /* Sources */ = {
			isa = PBXSourcesBuildPhase;
			buildActionMask = 2147483647;
			files = (
				B89676081B9D5F9F00B271CD /* ViewController.swift in Sources */,
				B89676061B9D5F9F00B271CD /* AppDelegate.swift in Sources */,
			);
			runOnlyForDeploymentPostprocessing = 0;
		};
/* End PBXSourcesBuildPhase section */

/* Begin PBXVariantGroup section */
		B89676091B9D5F9F00B271CD /* Main.storyboard */ = {
			isa = PBXVariantGroup;
			children = (
				B896760A1B9D5F9F00B271CD /* Base */,
			);
			name = Main.storyboard;
			sourceTree = "<group>";
		};
		B896760E1B9D5F9F00B271CD /* LaunchScreen.storyboard */ = {
			isa = PBXVariantGroup;
			children = (
				B896760F1B9D5F9F00B271CD /* Base */,
			);
			name = LaunchScreen.storyboard;
			sourceTree = "<group>";
		};
/* End PBXVariantGroup section */

/* Begin XCBuildConfiguration section */
		B89676121B9D5F9F00B271CD /* Debug */ = {
			isa = XCBuildConfiguration;
			buildSettings = {
				ALWAYS_SEARCH_USER_PATHS = NO;
				CLANG_CXX_LANGUAGE_STANDARD = "gnu++0x";
				CLANG_CXX_LIBRARY = "libc++";
				CLANG_ENABLE_MODULES = YES;
				CLANG_ENABLE_OBJC_ARC = YES;
				CLANG_WARN_BOOL_CONVERSION = YES;
				CLANG_WARN_CONSTANT_CONVERSION = YES;
				CLANG_WARN_DIRECT_OBJC_ISA_USAGE = YES_ERROR;
				CLANG_WARN_EMPTY_BODY = YES;
				CLANG_WARN_ENUM_CONVERSION = YES;
				CLANG_WARN_INT_CONVERSION = YES;
				CLANG_WARN_OBJC_ROOT_CLASS = YES_ERROR;
				CLANG_WARN_UNREACHABLE_CODE = YES;
				CLANG_WARN__DUPLICATE_METHOD_MATCH = YES;
				"CODE_SIGN_IDENTITY[sdk=iphoneos*]" = "iPhone Developer";
				COPY_PHASE_STRIP = NO;
				DEBUG_INFORMATION_FORMAT = dwarf;
				ENABLE_STRICT_OBJC_MSGSEND = YES;
				ENABLE_TESTABILITY = YES;
				GCC_C_LANGUAGE_STANDARD = gnu99;
				GCC_DYNAMIC_NO_PIC = NO;
				GCC_NO_COMMON_BLOCKS = YES;
				GCC_OPTIMIZATION_LEVEL = 0;
				GCC_PREPROCESSOR_DEFINITIONS = (
					"DEBUG=1",
					"$(inherited)",
				);
				GCC_WARN_64_TO_32_BIT_CONVERSION = YES;
				GCC_WARN_ABOUT_RETURN_TYPE = YES_ERROR;
				GCC_WARN_UNDECLARED_SELECTOR = YES;
				GCC_WARN_UNINITIALIZED_AUTOS = YES_AGGRESSIVE;
				GCC_WARN_UNUSED_FUNCTION = YES;
				GCC_WARN_UNUSED_VARIABLE = YES;
				IPHONEOS_DEPLOYMENT_TARGET = 9.0;
				MTL_ENABLE_DEBUG_INFO = YES;
				ONLY_ACTIVE_ARCH = YES;
				SDKROOT = iphoneos;
				SWIFT_OPTIMIZATION_LEVEL = "-Onone";
			};
			name = Debug;
		};
		B89676131B9D5F9F00B271CD /* Release */ = {
			isa = XCBuildConfiguration;
			buildSettings = {
				ALWAYS_SEARCH_USER_PATHS = NO;
				CLANG_CXX_LANGUAGE_STANDARD = "gnu++0x";
				CLANG_CXX_LIBRARY = "libc++";
				CLANG_ENABLE_MODULES = YES;
				CLANG_ENABLE_OBJC_ARC = YES;
				CLANG_WARN_BOOL_CONVERSION = YES;
				CLANG_WARN_CONSTANT_CONVERSION = YES;
				CLANG_WARN_DIRECT_OBJC_ISA_USAGE = YES_ERROR;
				CLANG_WARN_EMPTY_BODY = YES;
				CLANG_WARN_ENUM_CONVERSION = YES;
				CLANG_WARN_INT_CONVERSION = YES;
				CLANG_WARN_OBJC_ROOT_CLASS = YES_ERROR;
				CLANG_WARN_UNREACHABLE_CODE = YES;
				CLANG_WARN__DUPLICATE_METHOD_MATCH = YES;
				"CODE_SIGN_IDENTITY[sdk=iphoneos*]" = "iPhone Developer";
				COPY_PHASE_STRIP = NO;
				DEBUG_INFORMATION_FORMAT = "dwarf-with-dsym";
				ENABLE_NS_ASSERTIONS = NO;
				ENABLE_STRICT_OBJC_MSGSEND = YES;
				GCC_C_LANGUAGE_STANDARD = gnu99;
				GCC_NO_COMMON_BLOCKS = YES;
				GCC_WARN_64_TO_32_BIT_CONVERSION = YES;
				GCC_WARN_ABOUT_RETURN_TYPE = YES_ERROR;
				GCC_WARN_UNDECLARED_SELECTOR = YES;
				GCC_WARN_UNINITIALIZED_AUTOS = YES_AGGRESSIVE;
				GCC_WARN_UNUSED_FUNCTION = YES;
				GCC_WARN_UNUSED_VARIABLE = YES;
				IPHONEOS_DEPLOYMENT_TARGET = 9.0;
				MTL_ENABLE_DEBUG_INFO = NO;
				SDKROOT = iphoneos;
				VALIDATE_PRODUCT = YES;
			};
			name = Release;
		};
		B89676151B9D5F9F00B271CD /* Debug */ = {
			isa = XCBuildConfiguration;
			buildSettings = {
				ASSETCATALOG_COMPILER_APPICON_NAME = AppIcon;
				INFOPLIST_FILE = "Cat Age/Info.plist";
				LD_RUNPATH_SEARCH_PATHS = "$(inherited) @executable_path/Frameworks";
				PRODUCT_BUNDLE_IDENTIFIER = "com.krilya.Cat-Age";
				PRODUCT_NAME = "$(TARGET_NAME)";
			};
			name = Debug;
		};
		B89676161B9D5F9F00B271CD /* Release */ = {
			isa = XCBuildConfiguration;
			buildSettings = {
				ASSETCATALOG_COMPILER_APPICON_NAME = AppIcon;
				INFOPLIST_FILE = "Cat Age/Info.plist";
				LD_RUNPATH_SEARCH_PATHS = "$(inherited) @executable_path/Frameworks";
				PRODUCT_BUNDLE_IDENTIFIER = "com.krilya.Cat-Age";
				PRODUCT_NAME = "$(TARGET_NAME)";
			};
			name = Release;
		};
/* End XCBuildConfiguration section */

/* Begin XCConfigurationList section */
		B89675FD1B9D5F9F00B271CD /* Build configuration list for PBXProject "Cat Age" */ = {
			isa = XCConfigurationList;
			buildConfigurations = (
				B89676121B9D5F9F00B271CD /* Debug */,
				B89676131B9D5F9F00B271CD /* Release */,
			);
			defaultConfigurationIsVisible = 0;
			defaultConfigurationName = Release;
		};
		B89676141B9D5F9F00B271CD /* Build configuration list for PBXNativeTarget "Cat Age" */ = {
			isa = XCConfigurationList;
			buildConfigurations = (
				B89676151B9D5F9F00B271CD /* Debug */,
				B89676161B9D5F9F00B271CD /* Release */,
			);
			defaultConfigurationIsVisible = 0;
		};
/* End XCConfigurationList section */
	};
	rootObject = B89675FA1B9D5F9F00B271CD /* Project object */;
}
